
Microsoft Visual Studio Solution File, Format Version 12.00
# Visual Studio Version 16
VisualStudioVersion = 16.0.31515.178
MinimumVisualStudioVersion = 10.0.40219.1
Project("{8BC9CEB8-8B4A-11D0-8D11-00A0C91BC942}") = "HotelManagementSystem", "HotelManagementSystem\HotelManagementSystem.vcxproj", "{F783B13A-59C7-4F18-98B0-149F7B453191}"
EndProject
Project("{8BC9CEB8-8B4A-11D0-8D11-00A0C91BC942}") = "Library Management System", "Library Management System\Library Management System.vcxproj", "{238277F4-B8A3-47B2-87A3-8099F5BF8563}"
EndProject
Project("{8BC9CEB8-8B4A-11D0-8D11-00A0C91BC942}") = "Parking Lot", "Parking Lot\Parking Lot.vcxproj", "{F15A9060-09A9-4643-A651-92D268DCF147}"
EndProject
Project("{8BC9CEB8-8B4A-11D0-8D11-00A0C91BC942}") = "Amazon", "Amazon\Amazon.vcxproj", "{052F48BF-0929-4FBF-BADB-EAC2423985D9}"
EndProject
Project("{8BC9CEB8-8B4A-11D0-8D11-00A0C91BC942}") = "ATM", "ATM\ATM.vcxproj", "{0A0D8551-DD02-41E8-AD51-971238D6B255}"
EndProject
Global
	GlobalSection(SolutionConfigurationPlatforms) = preSolution
		Debug|x64 = Debug|x64
		Debug|x86 = Debug|x86
		Release|x64 = Release|x64
		Release|x86 = Release|x86
	EndGlobalSection
	GlobalSection(ProjectConfigurationPlatforms) = postSolution
		{F783B13A-59C7-4F18-98B0-149F7B453191}.Debug|x64.ActiveCfg = Debug|x64
		{F783B13A-59C7-4F18-98B0-149F7B453191}.Debug|x64.Build.0 = Debug|x64
		{F783B13A-59C7-4F18-98B0-149F7B453191}.Debug|x86.ActiveCfg = Debug|Win32
		{F783B13A-59C7-4F18-98B0-149F7B453191}.Debug|x86.Build.0 = Debug|Win32
		{F783B13A-59C7-4F18-98B0-149F7B453191}.Release|x64.ActiveCfg = Release|x64
		{F783B13A-59C7-4F18-98B0-149F7B453191}.Release|x64.Build.0 = Release|x64
		{F783B13A-59C7-4F18-98B0-149F7B453191}.Release|x86.ActiveCfg = Release|Win32
		{F783B13A-59C7-4F18-98B0-149F7B453191}.Release|x86.Build.0 = Release|Win32
		{238277F4-B8A3-47B2-87A3-8099F5BF8563}.Debug|x64.ActiveCfg = Debug|x64
		{238277F4-B8A3-47B2-87A3-8099F5BF8563}.Debug|x64.Build.0 = Debug|x64
		{238277F4-B8A3-47B2-87A3-8099F5BF8563}.Debug|x86.ActiveCfg = Debug|Win32
		{238277F4-B8A3-47B2-87A3-8099F5BF8563}.Debug|x86.Build.0 = Debug|Win32
		{238277F4-B8A3-47B2-87A3-8099F5BF8563}.Release|x64.ActiveCfg = Release|x64
		{238277F4-B8A3-47B2-87A3-8099F5BF8563}.Release|x64.Build.0 = Release|x64
		{238277F4-B8A3-47B2-87A3-8099F5BF8563}.Release|x86.ActiveCfg = Release|Win32
		{238277F4-B8A3-47B2-87A3-8099F5BF8563}.Release|x86.Build.0 = Release|Win32
		{F15A9060-09A9-4643-A651-92D268DCF147}.Debug|x64.ActiveCfg = Debug|x64
		{F15A9060-09A9-4643-A651-92D268DCF147}.Debug|x64.Build.0 = Debug|x64
		{F15A9060-09A9-4643-A651-92D268DCF147}.Debug|x86.ActiveCfg = Debug|Win32
		{F15A9060-09A9-4643-A651-92D268DCF147}.Debug|x86.Build.0 = Debug|Win32
		{F15A9060-09A9-4643-A651-92D268DCF147}.Release|x64.ActiveCfg = Release|x64
		{F15A9060-09A9-4643-A651-92D268DCF147}.Release|x64.Build.0 = Release|x64
		{F15A9060-09A9-4643-A651-92D268DCF147}.Release|x86.ActiveCfg = Release|Win32
		{F15A9060-09A9-4643-A651-92D268DCF147}.Release|x86.Build.0 = Release|Win32
		{052F48BF-0929-4FBF-BADB-EAC2423985D9}.Debug|x64.ActiveCfg = Debug|x64
		{052F48BF-0929-4FBF-BADB-EAC2423985D9}.Debug|x64.Build.0 = Debug|x64
		{052F48BF-0929-4FBF-BADB-EAC2423985D9}.Debug|x86.ActiveCfg = Debug|Win32
		{052F48BF-0929-4FBF-BADB-EAC2423985D9}.Debug|x86.Build.0 = Debug|Win32
		{052F48BF-0929-4FBF-BADB-EAC2423985D9}.Release|x64.ActiveCfg = Release|x64
		{052F48BF-0929-4FBF-BADB-EAC2423985D9}.Release|x64.Build.0 = Release|x64
		{052F48BF-0929-4FBF-BADB-EAC2423985D9}.Release|x86.ActiveCfg = Release|Win32
		{052F48BF-0929-4FBF-BADB-EAC2423985D9}.Release|x86.Build.0 = Release|Win32
		{0A0D8551-DD02-41E8-AD51-971238D6B255}.Debug|x64.ActiveCfg = Debug|x64
		{0A0D8551-DD02-41E8-AD51-971238D6B255}.Debug|x64.Build.0 = Debug|x64
		{0A0D8551-DD02-41E8-AD51-971238D6B255}.Debug|x86.ActiveCfg = Debug|Win32
		{0A0D8551-DD02-41E8-AD51-971238D6B255}.Debug|x86.Build.0 = Debug|Win32
		{0A0D8551-DD02-41E8-AD51-971238D6B255}.Release|x64.ActiveCfg = Release|x64
		{0A0D8551-DD02-41E8-AD51-971238D6B255}.Release|x64.Build.0 = Release|x64
		{0A0D8551-DD02-41E8-AD51-971238D6B255}.Release|x86.ActiveCfg = Release|Win32
		{0A0D8551-DD02-41E8-AD51-971238D6B255}.Release|x86.Build.0 = Release|Win32
	EndGlobalSection
	GlobalSection(SolutionProperties) = preSolution
		HideSolutionNode = FALSE
	EndGlobalSection
	GlobalSection(ExtensibilityGlobals) = postSolution
		SolutionGuid = {C3A400C6-E7F3-48B3-A0B9-3CAB2F598897}
	EndGlobalSection
EndGlobal
